
Microsoft Visual Studio Solution File, Format Version 12.00
# Visual Studio Version 17
VisualStudioVersion = 17.3.32922.545
MinimumVisualStudioVersion = 10.0.40219.1
Project("{FAE04EC0-301F-11D3-BF4B-00C04F79EFBC}") = "exam_b", "exam_b\exam_b.csproj", "{3893E29C-68B0-4E4D-8D74-A5758A514750}"
EndProject
Global
	GlobalSection(SolutionConfigurationPlatforms) = preSolution
		Debug|Any CPU = Debug|Any CPU
		Release|Any CPU = Release|Any CPU
	EndGlobalSection
	GlobalSection(ProjectConfigurationPlatforms) = postSolution
		{3893E29C-68B0-4E4D-8D74-A5758A514750}.Debug|Any CPU.ActiveCfg = Debug|Any CPU
		{3893E29C-68B0-4E4D-8D74-A5758A514750}.Debug|Any CPU.Build.0 = Debug|Any CPU
		{3893E29C-68B0-4E4D-8D74-A5758A514750}.Release|Any CPU.ActiveCfg = Release|Any CPU
		{3893E29C-68B0-4E4D-8D74-A5758A514750}.Release|Any CPU.Build.0 = Release|Any CPU
	EndGlobalSection
	GlobalSection(SolutionProperties) = preSolution
		HideSolutionNode = FALSE
	EndGlobalSection
	GlobalSection(ExtensibilityGlobals) = postSolution
		SolutionGuid = {5B69AC21-9A79-4410-8909-C540220111A8}
	EndGlobalSection
EndGlobal
